{
  "object": {
    "pins": [
      {
        "package": "Nimble",
        "repositoryURL": "https://github.com/Quick/Nimble.git",
        "state": {
          "branch": null,
          "revision": "43304bf2b1579fd555f2fdd51742771c1e4f2b98",
          "version": "8.0.1"
        }
      },
      {
        "package": "Quick",
        "repositoryURL": "https://github.com/Quick/Quick.git",
        "state": {
          "branch": null,
          "revision": "0b4ed6c706dd0cce923b5019a605a9bcc6b1b600",
          "version": "2.0.0"
        }
      },
      {
        "package": "SimpleKeychain",
        "repositoryURL": "https://github.com/rocklyve/SimpleKeychain.git",
        "state": {
          "branch": "accioSupport",
          "revision": "a41395f35b2dd9c821deb8cc2fdd937bbe58cdfd",
          "version": null
        }
      }
    ]
  },
  "version": 1
}
